{"1.2.0",
[{<<"cowboy">>,{pkg,<<"cowboy">>,<<"2.18.0">>},0},
 {<<"cowlib">>,{pkg,<<"cowlib">>,<<"2.19.0">>},0},
 {<<"ranch">>,{pkg,<<"ranch">>,<<"2.2.1">>},1}]}.
[
{pkg_hash,[
 {<<"cowboy">>, <<"BFF388EB4D6356CB3F88C26E65B515976BF04B401B805D31550C3E60EBA8FE18">>},
 {<<"cowlib">>, <<"C9D11C9D035472E27A740C9F327786C61ED209269B4BE0260D59D3EC07B8949F">>},
 {<<"ranch">>, <<"FC2BB0E800EFBEAB8FF82EB325450B9C08653B14C3F69E8B09BBEA304973105D">>}]},
{pkg_hash_ext,[
 {<<"cowboy">>, <<"62D0B26ABCF455054972B0DA242389C69D5982CE5914AFB8C344517F667B9600">>},
 {<<"cowlib">>, <<"6DC66E3135B229193EA4DCB14294E79520C923D391315C9C962EF0B4BEA72356">>},
 {<<"ranch">>, <<"55F05CCE20EC2DA1D90DE5D5981AFB93DBFC01325FC7E933189AA5C62F037C24">>}]}
].
